// !$*UTF8*$!
{
	archiveVersion = 1;
	classes = {
	};
	objectVersion = 51;
	objects = {

/* Begin PBXBuildFile section */
		04DEE2322450CE2B005F088B /* Localizable.strings in Resources */ = {isa = PBXBuildFile; fileRef = 04DEE2342450CE2B005F088B /* Localizable.strings */; };
		1968DF4724493BE500C62738 /* DrinksFromIngredient.swift in Sources */ = {isa = PBXBuildFile; fileRef = 1968DF4624493BE500C62738 /* DrinksFromIngredient.swift */; };
		1968DF4924493BF400C62738 /* DrinksFromIngredientViewModel.swift in Sources */ = {isa = PBXBuildFile; fileRef = 1968DF4824493BF400C62738 /* DrinksFromIngredientViewModel.swift */; };
		196C1E2B2448F3C600CE9116 /* IngredientList.swift in Sources */ = {isa = PBXBuildFile; fileRef = 196C1E2A2448F3C600CE9116 /* IngredientList.swift */; };
		196C1E2E2449006600CE9116 /* IngredientDetail.swift in Sources */ = {isa = PBXBuildFile; fileRef = 196C1E2D2449006600CE9116 /* IngredientDetail.swift */; };
		54D4F3B41F3DDF0AEB11CF36 /* Pods_Drinks_SwiftUI.framework in Frameworks */ = {isa = PBXBuildFile; fileRef = 90344AE1CA02C2BDA4A46B96 /* Pods_Drinks_SwiftUI.framework */; };
		750E1CA2243D0AC9009F3D97 /* URLImage.swift in Sources */ = {isa = PBXBuildFile; fileRef = 750E1CA1243D0AC9009F3D97 /* URLImage.swift */; };
		751C9B232437CAC7001CDE2F /* Api.swift in Sources */ = {isa = PBXBuildFile; fileRef = 751C9B172437CAC7001CDE2F /* Api.swift */; };
		751C9B242437CAC7001CDE2F /* ApiError.swift in Sources */ = {isa = PBXBuildFile; fileRef = 751C9B192437CAC7001CDE2F /* ApiError.swift */; };
		751C9B252437CAC7001CDE2F /* Service.swift in Sources */ = {isa = PBXBuildFile; fileRef = 751C9B1A2437CAC7001CDE2F /* Service.swift */; };
		751C9B262437CAC7001CDE2F /* TargeType+default.swift in Sources */ = {isa = PBXBuildFile; fileRef = 751C9B1B2437CAC7001CDE2F /* TargeType+default.swift */; };
		751C9B282437CAC7001CDE2F /* Result+decoded.swift in Sources */ = {isa = PBXBuildFile; fileRef = 751C9B1D2437CAC7001CDE2F /* Result+decoded.swift */; };
		751C9B292437CAC7001CDE2F /* ReadEndpoints.swift in Sources */ = {isa = PBXBuildFile; fileRef = 751C9B1F2437CAC7001CDE2F /* ReadEndpoints.swift */; };
		751C9B2A2437CAC7001CDE2F /* JSONDecoder+Extensions.swift in Sources */ = {isa = PBXBuildFile; fileRef = 751C9B212437CAC7001CDE2F /* JSONDecoder+Extensions.swift */; };
		751C9B2B2437CAC7001CDE2F /* JSONEncoder+Extensions.swift in Sources */ = {isa = PBXBuildFile; fileRef = 751C9B222437CAC7001CDE2F /* JSONEncoder+Extensions.swift */; };
		751C9B302437CCEB001CDE2F /* DateFormatter+Extensions.swift in Sources */ = {isa = PBXBuildFile; fileRef = 751C9B2F2437CCEB001CDE2F /* DateFormatter+Extensions.swift */; };
		752318A3243CF3F000BE3484 /* HomePage.swift in Sources */ = {isa = PBXBuildFile; fileRef = 752318A2243CF3F000BE3484 /* HomePage.swift */; };
		752318A5243CF46700BE3484 /* FavoritesPage.swift in Sources */ = {isa = PBXBuildFile; fileRef = 752318A4243CF46700BE3484 /* FavoritesPage.swift */; };
		752318A7243CF48100BE3484 /* IngredientsPage.swift in Sources */ = {isa = PBXBuildFile; fileRef = 752318A6243CF48100BE3484 /* IngredientsPage.swift */; };
		752318A9243CF4A500BE3484 /* DrinksPage.swift in Sources */ = {isa = PBXBuildFile; fileRef = 752318A8243CF4A500BE3484 /* DrinksPage.swift */; };
		75267F5D243BBB1100636D7B /* Sidebar.swift in Sources */ = {isa = PBXBuildFile; fileRef = 75267F5C243BBB1100636D7B /* Sidebar.swift */; };
		758784402448CBF500E4D8AB /* UIColor+Extensions.swift in Sources */ = {isa = PBXBuildFile; fileRef = 7587843F2448CBF500E4D8AB /* UIColor+Extensions.swift */; };
		75A3981F2444D7E00073C40E /* Category.swift in Sources */ = {isa = PBXBuildFile; fileRef = 75A3981E2444D7E00073C40E /* Category.swift */; };
		75A398212444D82F0073C40E /* Ingredient.swift in Sources */ = {isa = PBXBuildFile; fileRef = 75A398202444D82F0073C40E /* Ingredient.swift */; };
		75A398242444D9A70073C40E /* HomeViewModel.swift in Sources */ = {isa = PBXBuildFile; fileRef = 75A398232444D9A70073C40E /* HomeViewModel.swift */; };
		75BA3DA024494185009339BB /* Activity Indicator.swift in Sources */ = {isa = PBXBuildFile; fileRef = 75BA3D9F24494185009339BB /* Activity Indicator.swift */; };
		75BAA0892448DA59006E7908 /* IngredientListViewModel.swift in Sources */ = {isa = PBXBuildFile; fileRef = 75BAA0882448DA59006E7908 /* IngredientListViewModel.swift */; };
		75C2030E244790F100DF905A /* DrinkListViewModel.swift in Sources */ = {isa = PBXBuildFile; fileRef = 75C2030A244790F100DF905A /* DrinkListViewModel.swift */; };
		75C2030F244790F100DF905A /* DrinkList.swift in Sources */ = {isa = PBXBuildFile; fileRef = 75C2030B244790F100DF905A /* DrinkList.swift */; };
		75C20310244790F100DF905A /* DrinkDetail.swift in Sources */ = {isa = PBXBuildFile; fileRef = 75C2030D244790F100DF905A /* DrinkDetail.swift */; };
		75C203122447912900DF905A /* CollectionView.swift in Sources */ = {isa = PBXBuildFile; fileRef = 75C203112447912900DF905A /* CollectionView.swift */; };
		75C20316244791E700DF905A /* UIImage+Extensions.swift in Sources */ = {isa = PBXBuildFile; fileRef = 75C20313244791E700DF905A /* UIImage+Extensions.swift */; };
		75CBB70B24351E1800CD6593 /* AppDelegate.swift in Sources */ = {isa = PBXBuildFile; fileRef = 75CBB70A24351E1800CD6593 /* AppDelegate.swift */; };
		75CBB70D24351E1800CD6593 /* SceneDelegate.swift in Sources */ = {isa = PBXBuildFile; fileRef = 75CBB70C24351E1800CD6593 /* SceneDelegate.swift */; };
		75CBB71124351E1C00CD6593 /* Assets.xcassets in Resources */ = {isa = PBXBuildFile; fileRef = 75CBB71024351E1C00CD6593 /* Assets.xcassets */; };
		75CBB71424351E1C00CD6593 /* Preview Assets.xcassets in Resources */ = {isa = PBXBuildFile; fileRef = 75CBB71324351E1C00CD6593 /* Preview Assets.xcassets */; };
		75CBB71724351E1C00CD6593 /* LaunchScreen.storyboard in Resources */ = {isa = PBXBuildFile; fileRef = 75CBB71524351E1C00CD6593 /* LaunchScreen.storyboard */; };
		75CBB72024351FB500CD6593 /* Drink.swift in Sources */ = {isa = PBXBuildFile; fileRef = 75CBB71F24351FB500CD6593 /* Drink.swift */; };
		75F4F9DF2447A10E009E8766 /* CollecTionViewViewModel.swift in Sources */ = {isa = PBXBuildFile; fileRef = 75F4F9DE2447A10E009E8766 /* CollecTionViewViewModel.swift */; };
/* End PBXBuildFile section */

/* Begin PBXFileReference section */
		0482119F243E640900D1B798 /* URLImage.swift */ = {isa = PBXFileReference; lastKnownFileType = sourcecode.swift; path = URLImage.swift; sourceTree = "<group>"; };
		04BD50CC243E36D600741911 /* URLImage_OLD.swift */ = {isa = PBXFileReference; fileEncoding = 4; lastKnownFileType = sourcecode.swift; path = URLImage_OLD.swift; sourceTree = "<group>"; };
		04DEE2312450CDCD005F088B /* pt-BR */ = {isa = PBXFileReference; lastKnownFileType = text.plist.strings; name = "pt-BR"; path = "pt-BR.lproj/LaunchScreen.strings"; sourceTree = "<group>"; };
		04DEE2332450CE2B005F088B /* en */ = {isa = PBXFileReference; lastKnownFileType = text.plist.strings; name = en; path = en.lproj/Localizable.strings; sourceTree = "<group>"; };
		04DEE2352450CE32005F088B /* pt-BR */ = {isa = PBXFileReference; lastKnownFileType = text.plist.strings; name = "pt-BR"; path = "pt-BR.lproj/Localizable.strings"; sourceTree = "<group>"; };
		1968DF4624493BE500C62738 /* DrinksFromIngredient.swift */ = {isa = PBXFileReference; lastKnownFileType = sourcecode.swift; path = DrinksFromIngredient.swift; sourceTree = "<group>"; };
		1968DF4824493BF400C62738 /* DrinksFromIngredientViewModel.swift */ = {isa = PBXFileReference; lastKnownFileType = sourcecode.swift; path = DrinksFromIngredientViewModel.swift; sourceTree = "<group>"; };
		196C1E2A2448F3C600CE9116 /* IngredientList.swift */ = {isa = PBXFileReference; lastKnownFileType = sourcecode.swift; path = IngredientList.swift; sourceTree = "<group>"; };
		196C1E2D2449006600CE9116 /* IngredientDetail.swift */ = {isa = PBXFileReference; lastKnownFileType = sourcecode.swift; path = IngredientDetail.swift; sourceTree = "<group>"; };
		4B647D4F44CEF8BDFA0C253F /* Pods-Drinks SwiftUI.debug.xcconfig */ = {isa = PBXFileReference; includeInIndex = 1; lastKnownFileType = text.xcconfig; name = "Pods-Drinks SwiftUI.debug.xcconfig"; path = "Target Support Files/Pods-Drinks SwiftUI/Pods-Drinks SwiftUI.debug.xcconfig"; sourceTree = "<group>"; };
		750E1CA1243D0AC9009F3D97 /* URLImage.swift */ = {isa = PBXFileReference; lastKnownFileType = sourcecode.swift; path = URLImage.swift; sourceTree = "<group>"; };
		751C9B0F2437BBF8001CDE2F /* ReadEndpoints.swift */ = {isa = PBXFileReference; lastKnownFileType = sourcecode.swift; path = ReadEndpoints.swift; sourceTree = "<group>"; };
		751C9B172437CAC7001CDE2F /* Api.swift */ = {isa = PBXFileReference; fileEncoding = 4; lastKnownFileType = sourcecode.swift; path = Api.swift; sourceTree = "<group>"; };
		751C9B192437CAC7001CDE2F /* ApiError.swift */ = {isa = PBXFileReference; fileEncoding = 4; lastKnownFileType = sourcecode.swift; path = ApiError.swift; sourceTree = "<group>"; };
		751C9B1A2437CAC7001CDE2F /* Service.swift */ = {isa = PBXFileReference; fileEncoding = 4; lastKnownFileType = sourcecode.swift; path = Service.swift; sourceTree = "<group>"; };
		751C9B1B2437CAC7001CDE2F /* TargeType+default.swift */ = {isa = PBXFileReference; fileEncoding = 4; lastKnownFileType = sourcecode.swift; path = "TargeType+default.swift"; sourceTree = "<group>"; };
		751C9B1D2437CAC7001CDE2F /* Result+decoded.swift */ = {isa = PBXFileReference; fileEncoding = 4; lastKnownFileType = sourcecode.swift; path = "Result+decoded.swift"; sourceTree = "<group>"; };
		751C9B1F2437CAC7001CDE2F /* ReadEndpoints.swift */ = {isa = PBXFileReference; fileEncoding = 4; lastKnownFileType = sourcecode.swift; path = ReadEndpoints.swift; sourceTree = "<group>"; };
		751C9B212437CAC7001CDE2F /* JSONDecoder+Extensions.swift */ = {isa = PBXFileReference; fileEncoding = 4; lastKnownFileType = sourcecode.swift; path = "JSONDecoder+Extensions.swift"; sourceTree = "<group>"; };
		751C9B222437CAC7001CDE2F /* JSONEncoder+Extensions.swift */ = {isa = PBXFileReference; fileEncoding = 4; lastKnownFileType = sourcecode.swift; path = "JSONEncoder+Extensions.swift"; sourceTree = "<group>"; };
		751C9B2F2437CCEB001CDE2F /* DateFormatter+Extensions.swift */ = {isa = PBXFileReference; lastKnownFileType = sourcecode.swift; path = "DateFormatter+Extensions.swift"; sourceTree = "<group>"; };
		752318A2243CF3F000BE3484 /* HomePage.swift */ = {isa = PBXFileReference; lastKnownFileType = sourcecode.swift; path = HomePage.swift; sourceTree = "<group>"; };
		752318A4243CF46700BE3484 /* FavoritesPage.swift */ = {isa = PBXFileReference; lastKnownFileType = sourcecode.swift; path = FavoritesPage.swift; sourceTree = "<group>"; };
		752318A6243CF48100BE3484 /* IngredientsPage.swift */ = {isa = PBXFileReference; lastKnownFileType = sourcecode.swift; path = IngredientsPage.swift; sourceTree = "<group>"; };
		752318A8243CF4A500BE3484 /* DrinksPage.swift */ = {isa = PBXFileReference; lastKnownFileType = sourcecode.swift; path = DrinksPage.swift; sourceTree = "<group>"; };
		75267F5C243BBB1100636D7B /* Sidebar.swift */ = {isa = PBXFileReference; lastKnownFileType = sourcecode.swift; path = Sidebar.swift; sourceTree = "<group>"; };
		7587843F2448CBF500E4D8AB /* UIColor+Extensions.swift */ = {isa = PBXFileReference; fileEncoding = 4; lastKnownFileType = sourcecode.swift; path = "UIColor+Extensions.swift"; sourceTree = "<group>"; };
		75A3981E2444D7E00073C40E /* Category.swift */ = {isa = PBXFileReference; lastKnownFileType = sourcecode.swift; path = Category.swift; sourceTree = "<group>"; };
		75A398202444D82F0073C40E /* Ingredient.swift */ = {isa = PBXFileReference; lastKnownFileType = sourcecode.swift; path = Ingredient.swift; sourceTree = "<group>"; };
		75A398232444D9A70073C40E /* HomeViewModel.swift */ = {isa = PBXFileReference; lastKnownFileType = sourcecode.swift; path = HomeViewModel.swift; sourceTree = "<group>"; };
		75BA3D9F24494185009339BB /* Activity Indicator.swift */ = {isa = PBXFileReference; lastKnownFileType = sourcecode.swift; path = "Activity Indicator.swift"; sourceTree = "<group>"; };
		75BAA0882448DA59006E7908 /* IngredientListViewModel.swift */ = {isa = PBXFileReference; lastKnownFileType = sourcecode.swift; path = IngredientListViewModel.swift; sourceTree = "<group>"; };
		75C2030A244790F100DF905A /* DrinkListViewModel.swift */ = {isa = PBXFileReference; fileEncoding = 4; lastKnownFileType = sourcecode.swift; path = DrinkListViewModel.swift; sourceTree = "<group>"; };
		75C2030B244790F100DF905A /* DrinkList.swift */ = {isa = PBXFileReference; fileEncoding = 4; lastKnownFileType = sourcecode.swift; path = DrinkList.swift; sourceTree = "<group>"; };
		75C2030D244790F100DF905A /* DrinkDetail.swift */ = {isa = PBXFileReference; fileEncoding = 4; lastKnownFileType = sourcecode.swift; path = DrinkDetail.swift; sourceTree = "<group>"; };
		75C203112447912900DF905A /* CollectionView.swift */ = {isa = PBXFileReference; fileEncoding = 4; lastKnownFileType = sourcecode.swift; path = CollectionView.swift; sourceTree = "<group>"; };
		75C20313244791E700DF905A /* UIImage+Extensions.swift */ = {isa = PBXFileReference; fileEncoding = 4; lastKnownFileType = sourcecode.swift; path = "UIImage+Extensions.swift"; sourceTree = "<group>"; };
		75CBB70724351E1800CD6593 /* Drinkee.app */ = {isa = PBXFileReference; explicitFileType = wrapper.application; includeInIndex = 0; path = Drinkee.app; sourceTree = BUILT_PRODUCTS_DIR; };
		75CBB70A24351E1800CD6593 /* AppDelegate.swift */ = {isa = PBXFileReference; lastKnownFileType = sourcecode.swift; path = AppDelegate.swift; sourceTree = "<group>"; };
		75CBB70C24351E1800CD6593 /* SceneDelegate.swift */ = {isa = PBXFileReference; lastKnownFileType = sourcecode.swift; path = SceneDelegate.swift; sourceTree = "<group>"; };
		75CBB71024351E1C00CD6593 /* Assets.xcassets */ = {isa = PBXFileReference; lastKnownFileType = folder.assetcatalog; path = Assets.xcassets; sourceTree = "<group>"; };
		75CBB71324351E1C00CD6593 /* Preview Assets.xcassets */ = {isa = PBXFileReference; lastKnownFileType = folder.assetcatalog; path = "Preview Assets.xcassets"; sourceTree = "<group>"; };
		75CBB71624351E1C00CD6593 /* Base */ = {isa = PBXFileReference; lastKnownFileType = file.storyboard; name = Base; path = Base.lproj/LaunchScreen.storyboard; sourceTree = "<group>"; };
		75CBB71824351E1C00CD6593 /* Info.plist */ = {isa = PBXFileReference; lastKnownFileType = text.plist.xml; path = Info.plist; sourceTree = "<group>"; };
		75CBB71F24351FB500CD6593 /* Drink.swift */ = {isa = PBXFileReference; lastKnownFileType = sourcecode.swift; path = Drink.swift; sourceTree = "<group>"; };
		75F4F9DE2447A10E009E8766 /* CollecTionViewViewModel.swift */ = {isa = PBXFileReference; lastKnownFileType = sourcecode.swift; path = CollecTionViewViewModel.swift; sourceTree = "<group>"; };
		8D848981986FAE9382657C66 /* Pods-Drinks SwiftUI.release.xcconfig */ = {isa = PBXFileReference; includeInIndex = 1; lastKnownFileType = text.xcconfig; name = "Pods-Drinks SwiftUI.release.xcconfig"; path = "Target Support Files/Pods-Drinks SwiftUI/Pods-Drinks SwiftUI.release.xcconfig"; sourceTree = "<group>"; };
		90344AE1CA02C2BDA4A46B96 /* Pods_Drinks_SwiftUI.framework */ = {isa = PBXFileReference; explicitFileType = wrapper.framework; includeInIndex = 0; path = Pods_Drinks_SwiftUI.framework; sourceTree = BUILT_PRODUCTS_DIR; };
/* End PBXFileReference section */

/* Begin PBXFrameworksBuildPhase section */
		75CBB70424351E1800CD6593 /* Frameworks */ = {
			isa = PBXFrameworksBuildPhase;
			buildActionMask = 2147483647;
			files = (
				54D4F3B41F3DDF0AEB11CF36 /* Pods_Drinks_SwiftUI.framework in Frameworks */,
			);
			runOnlyForDeploymentPostprocessing = 0;
		};
/* End PBXFrameworksBuildPhase section */

/* Begin PBXGroup section */
		04401C9E24463CEC00E55610 /* Recovered References */ = {
			isa = PBXGroup;
			children = (
				04BD50CC243E36D600741911 /* URLImage_OLD.swift */,
				0482119F243E640900D1B798 /* URLImage.swift */,
			);
			name = "Recovered References";
			sourceTree = "<group>";
		};
		1968DF4524493BCA00C62738 /* DrinksFromIngredient */ = {
			isa = PBXGroup;
			children = (
				1968DF4624493BE500C62738 /* DrinksFromIngredient.swift */,
				1968DF4824493BF400C62738 /* DrinksFromIngredientViewModel.swift */,
			);
			path = DrinksFromIngredient;
			sourceTree = "<group>";
		};
		196C1E292448F39900CE9116 /* IngredientList */ = {
			isa = PBXGroup;
			children = (
				75BAA0882448DA59006E7908 /* IngredientListViewModel.swift */,
				196C1E2A2448F3C600CE9116 /* IngredientList.swift */,
			);
			path = IngredientList;
			sourceTree = "<group>";
		};
		196C1E2C2449005200CE9116 /* IngredientDetail */ = {
			isa = PBXGroup;
			children = (
				196C1E2D2449006600CE9116 /* IngredientDetail.swift */,
			);
			path = IngredientDetail;
			sourceTree = "<group>";
		};
		750E1C9E243D09F5009F3D97 /* Extensions */ = {
			isa = PBXGroup;
			children = (
				7587843F2448CBF500E4D8AB /* UIColor+Extensions.swift */,
				75C20313244791E700DF905A /* UIImage+Extensions.swift */,
				750E1CA1243D0AC9009F3D97 /* URLImage.swift */,
				75BA3D9F24494185009339BB /* Activity Indicator.swift */,
				04DEE2342450CE2B005F088B /* Localizable.strings */,
			);
			path = Extensions;
			sourceTree = "<group>";
		};
		751C9B092437BA0E001CDE2F /* Screens */ = {
			isa = PBXGroup;
			children = (
				75267F5B243BBAFB00636D7B /* Sidebar */,
				7523189F243CF18200BE3484 /* Home */,
				7523189D243CF16100BE3484 /* Drinks */,
				752318A0243CF18D00BE3484 /* Ingredients */,
				752318A1243CF19400BE3484 /* Favorites */,
			);
			path = Screens;
			sourceTree = "<group>";
		};
		751C9B0C2437BA2E001CDE2F /* App */ = {
			isa = PBXGroup;
			children = (
				75CBB70C24351E1800CD6593 /* SceneDelegate.swift */,
				75CBB70A24351E1800CD6593 /* AppDelegate.swift */,
			);
			path = App;
			sourceTree = "<group>";
		};
		751C9B0D2437BA81001CDE2F /* Networking */ = {
			isa = PBXGroup;
			children = (
				751C9B172437CAC7001CDE2F /* Api.swift */,
				751C9B2F2437CCEB001CDE2F /* DateFormatter+Extensions.swift */,
				751C9B1E2437CAC7001CDE2F /* Endpoints */,
				751C9B202437CAC7001CDE2F /* JSONCoders */,
				751C9B182437CAC7001CDE2F /* Moya */,
				751C9B0E2437BBDF001CDE2F /* Endpoints */,
			);
			path = Networking;
			sourceTree = "<group>";
		};
		751C9B0E2437BBDF001CDE2F /* Endpoints */ = {
			isa = PBXGroup;
			children = (
				751C9B0F2437BBF8001CDE2F /* ReadEndpoints.swift */,
			);
			path = Endpoints;
			sourceTree = "<group>";
		};
		751C9B182437CAC7001CDE2F /* Moya */ = {
			isa = PBXGroup;
			children = (
				751C9B192437CAC7001CDE2F /* ApiError.swift */,
				751C9B1A2437CAC7001CDE2F /* Service.swift */,
				751C9B1B2437CAC7001CDE2F /* TargeType+default.swift */,
				751C9B1D2437CAC7001CDE2F /* Result+decoded.swift */,
			);
			path = Moya;
			sourceTree = "<group>";
		};
		751C9B1E2437CAC7001CDE2F /* Endpoints */ = {
			isa = PBXGroup;
			children = (
				751C9B1F2437CAC7001CDE2F /* ReadEndpoints.swift */,
			);
			path = Endpoints;
			sourceTree = "<group>";
		};
		751C9B202437CAC7001CDE2F /* JSONCoders */ = {
			isa = PBXGroup;
			children = (
				751C9B212437CAC7001CDE2F /* JSONDecoder+Extensions.swift */,
				751C9B222437CAC7001CDE2F /* JSONEncoder+Extensions.swift */,
			);
			path = JSONCoders;
			sourceTree = "<group>";
		};
		7523189D243CF16100BE3484 /* Drinks */ = {
			isa = PBXGroup;
			children = (
				752318A8243CF4A500BE3484 /* DrinksPage.swift */,
				75C2030C244790F100DF905A /* DrinkDetail */,
				75C20309244790F100DF905A /* DrinkList */,
			);
			path = Drinks;
			sourceTree = "<group>";
		};
		7523189F243CF18200BE3484 /* Home */ = {
			isa = PBXGroup;
			children = (
				75F4F9E02447A125009E8766 /* CollectionView */,
				752318A2243CF3F000BE3484 /* HomePage.swift */,
				75A398232444D9A70073C40E /* HomeViewModel.swift */,
			);
			path = Home;
			sourceTree = "<group>";
		};
		752318A0243CF18D00BE3484 /* Ingredients */ = {
			isa = PBXGroup;
			children = (
				1968DF4524493BCA00C62738 /* DrinksFromIngredient */,
				196C1E2C2449005200CE9116 /* IngredientDetail */,
				196C1E292448F39900CE9116 /* IngredientList */,
				752318A6243CF48100BE3484 /* IngredientsPage.swift */,
			);
			path = Ingredients;
			sourceTree = "<group>";
		};
		752318A1243CF19400BE3484 /* Favorites */ = {
			isa = PBXGroup;
			children = (
				752318A4243CF46700BE3484 /* FavoritesPage.swift */,
			);
			path = Favorites;
			sourceTree = "<group>";
		};
		75267F5B243BBAFB00636D7B /* Sidebar */ = {
			isa = PBXGroup;
			children = (
				75267F5C243BBB1100636D7B /* Sidebar.swift */,
			);
			path = Sidebar;
			sourceTree = "<group>";
		};
		75C20309244790F100DF905A /* DrinkList */ = {
			isa = PBXGroup;
			children = (
				75C2030A244790F100DF905A /* DrinkListViewModel.swift */,
				75C2030B244790F100DF905A /* DrinkList.swift */,
			);
			path = DrinkList;
			sourceTree = "<group>";
		};
		75C2030C244790F100DF905A /* DrinkDetail */ = {
			isa = PBXGroup;
			children = (
				75C2030D244790F100DF905A /* DrinkDetail.swift */,
			);
			path = DrinkDetail;
			sourceTree = "<group>";
		};
		75CBB6FE24351E1800CD6593 = {
			isa = PBXGroup;
			children = (
				75CBB70924351E1800CD6593 /* Drinks SwiftUI */,
				75CBB70824351E1800CD6593 /* Products */,
				BFA214496A21CA0522CF5BB6 /* Pods */,
				8E94891A13A641C18692A54D /* Frameworks */,
				04401C9E24463CEC00E55610 /* Recovered References */,
			);
			sourceTree = "<group>";
		};
		75CBB70824351E1800CD6593 /* Products */ = {
			isa = PBXGroup;
			children = (
				75CBB70724351E1800CD6593 /* Drinkee.app */,
			);
			name = Products;
			sourceTree = "<group>";
		};
		75CBB70924351E1800CD6593 /* Drinks SwiftUI */ = {
			isa = PBXGroup;
			children = (
				751C9B0D2437BA81001CDE2F /* Networking */,
				751C9B0C2437BA2E001CDE2F /* App */,
				751C9B092437BA0E001CDE2F /* Screens */,
				75CBB71E24351FA600CD6593 /* Models */,
				750E1C9E243D09F5009F3D97 /* Extensions */,
				75CBB71024351E1C00CD6593 /* Assets.xcassets */,
				75CBB71524351E1C00CD6593 /* LaunchScreen.storyboard */,
				75CBB71824351E1C00CD6593 /* Info.plist */,
				75CBB71224351E1C00CD6593 /* Preview Content */,
			);
			path = "Drinks SwiftUI";
			sourceTree = "<group>";
		};
		75CBB71224351E1C00CD6593 /* Preview Content */ = {
			isa = PBXGroup;
			children = (
				75CBB71324351E1C00CD6593 /* Preview Assets.xcassets */,
			);
			path = "Preview Content";
			sourceTree = "<group>";
		};
		75CBB71E24351FA600CD6593 /* Models */ = {
			isa = PBXGroup;
			children = (
				75CBB71F24351FB500CD6593 /* Drink.swift */,
				75A3981E2444D7E00073C40E /* Category.swift */,
				75A398202444D82F0073C40E /* Ingredient.swift */,
			);
			path = Models;
			sourceTree = "<group>";
		};
		75F4F9E02447A125009E8766 /* CollectionView */ = {
			isa = PBXGroup;
			children = (
				75F4F9DE2447A10E009E8766 /* CollecTionViewViewModel.swift */,
				75C203112447912900DF905A /* CollectionView.swift */,
			);
			path = CollectionView;
			sourceTree = "<group>";
		};
		8E94891A13A641C18692A54D /* Frameworks */ = {
			isa = PBXGroup;
			children = (
				90344AE1CA02C2BDA4A46B96 /* Pods_Drinks_SwiftUI.framework */,
			);
			name = Frameworks;
			sourceTree = "<group>";
		};
		BFA214496A21CA0522CF5BB6 /* Pods */ = {
			isa = PBXGroup;
			children = (
				4B647D4F44CEF8BDFA0C253F /* Pods-Drinks SwiftUI.debug.xcconfig */,
				8D848981986FAE9382657C66 /* Pods-Drinks SwiftUI.release.xcconfig */,
			);
			path = Pods;
			sourceTree = "<group>";
		};
/* End PBXGroup section */

/* Begin PBXNativeTarget section */
		75CBB70624351E1800CD6593 /* Drinks SwiftUI */ = {
			isa = PBXNativeTarget;
			buildConfigurationList = 75CBB71B24351E1C00CD6593 /* Build configuration list for PBXNativeTarget "Drinks SwiftUI" */;
			buildPhases = (
				F5C8DF1687CA224FAB44FE9B /* [CP] Check Pods Manifest.lock */,
				75CBB70324351E1800CD6593 /* Sources */,
				75CBB70424351E1800CD6593 /* Frameworks */,
				75CBB70524351E1800CD6593 /* Resources */,
				811A4CACD967137F89370AD7 /* [CP] Embed Pods Frameworks */,
			);
			buildRules = (
			);
			dependencies = (
			);
			name = "Drinks SwiftUI";
			productName = "Drinks SwiftUI";
			productReference = 75CBB70724351E1800CD6593 /* Drinkee.app */;
			productType = "com.apple.product-type.application";
		};
/* End PBXNativeTarget section */

/* Begin PBXProject section */
		75CBB6FF24351E1800CD6593 /* Project object */ = {
			isa = PBXProject;
			attributes = {
				LastSwiftUpdateCheck = 1130;
				LastUpgradeCheck = 1140;
				ORGANIZATIONNAME = "Rodrigo Giglio";
				TargetAttributes = {
					75CBB70624351E1800CD6593 = {
						CreatedOnToolsVersion = 11.3;
					};
				};
			};
			buildConfigurationList = 75CBB70224351E1800CD6593 /* Build configuration list for PBXProject "Drinks SwiftUI" */;
			compatibilityVersion = "Xcode 9.3";
			developmentRegion = en;
			hasScannedForEncodings = 0;
			knownRegions = (
				en,
				Base,
				"pt-BR",
			);
			mainGroup = 75CBB6FE24351E1800CD6593;
			productRefGroup = 75CBB70824351E1800CD6593 /* Products */;
			projectDirPath = "";
			projectRoot = "";
			targets = (
				75CBB70624351E1800CD6593 /* Drinks SwiftUI */,
			);
		};
/* End PBXProject section */

/* Begin PBXResourcesBuildPhase section */
		75CBB70524351E1800CD6593 /* Resources */ = {
			isa = PBXResourcesBuildPhase;
			buildActionMask = 2147483647;
			files = (
				75CBB71724351E1C00CD6593 /* LaunchScreen.storyboard in Resources */,
				04DEE2322450CE2B005F088B /* Localizable.strings in Resources */,
				75CBB71424351E1C00CD6593 /* Preview Assets.xcassets in Resources */,
				75CBB71124351E1C00CD6593 /* Assets.xcassets in Resources */,
			);
			runOnlyForDeploymentPostprocessing = 0;
		};
/* End PBXResourcesBuildPhase section */

/* Begin PBXShellScriptBuildPhase section */
		811A4CACD967137F89370AD7 /* [CP] Embed Pods Frameworks */ = {
			isa = PBXShellScriptBuildPhase;
			buildActionMask = 2147483647;
			files = (
			);
			inputFileListPaths = (
				"${PODS_ROOT}/Target Support Files/Pods-Drinks SwiftUI/Pods-Drinks SwiftUI-frameworks-${CONFIGURATION}-input-files.xcfilelist",
			);
			name = "[CP] Embed Pods Frameworks";
			outputFileListPaths = (
				"${PODS_ROOT}/Target Support Files/Pods-Drinks SwiftUI/Pods-Drinks SwiftUI-frameworks-${CONFIGURATION}-output-files.xcfilelist",
			);
			runOnlyForDeploymentPostprocessing = 0;
			shellPath = /bin/sh;
			shellScript = "\"${PODS_ROOT}/Target Support Files/Pods-Drinks SwiftUI/Pods-Drinks SwiftUI-frameworks.sh\"\n";
			showEnvVarsInLog = 0;
		};
		F5C8DF1687CA224FAB44FE9B /* [CP] Check Pods Manifest.lock */ = {
			isa = PBXShellScriptBuildPhase;
			buildActionMask = 2147483647;
			files = (
			);
			inputFileListPaths = (
			);
			inputPaths = (
				"${PODS_PODFILE_DIR_PATH}/Podfile.lock",
				"${PODS_ROOT}/Manifest.lock",
			);
			name = "[CP] Check Pods Manifest.lock";
			outputFileListPaths = (
			);
			outputPaths = (
				"$(DERIVED_FILE_DIR)/Pods-Drinks SwiftUI-checkManifestLockResult.txt",
			);
			runOnlyForDeploymentPostprocessing = 0;
			shellPath = /bin/sh;
			shellScript = "diff \"${PODS_PODFILE_DIR_PATH}/Podfile.lock\" \"${PODS_ROOT}/Manifest.lock\" > /dev/null\nif [ $? != 0 ] ; then\n    # print error to STDERR\n    echo \"error: The sandbox is not in sync with the Podfile.lock. Run 'pod install' or update your CocoaPods installation.\" >&2\n    exit 1\nfi\n# This output is used by Xcode 'outputs' to avoid re-running this script phase.\necho \"SUCCESS\" > \"${SCRIPT_OUTPUT_FILE_0}\"\n";
			showEnvVarsInLog = 0;
		};
/* End PBXShellScriptBuildPhase section */

/* Begin PBXSourcesBuildPhase section */
		75CBB70324351E1800CD6593 /* Sources */ = {
			isa = PBXSourcesBuildPhase;
			buildActionMask = 2147483647;
			files = (
				75CBB70B24351E1800CD6593 /* AppDelegate.swift in Sources */,
				752318A7243CF48100BE3484 /* IngredientsPage.swift in Sources */,
				196C1E2E2449006600CE9116 /* IngredientDetail.swift in Sources */,
				75C2030F244790F100DF905A /* DrinkList.swift in Sources */,
				752318A3243CF3F000BE3484 /* HomePage.swift in Sources */,
				751C9B2A2437CAC7001CDE2F /* JSONDecoder+Extensions.swift in Sources */,
				75C203122447912900DF905A /* CollectionView.swift in Sources */,
				75A398212444D82F0073C40E /* Ingredient.swift in Sources */,
				196C1E2B2448F3C600CE9116 /* IngredientList.swift in Sources */,
				751C9B292437CAC7001CDE2F /* ReadEndpoints.swift in Sources */,
				75CBB70D24351E1800CD6593 /* SceneDelegate.swift in Sources */,
				750E1CA2243D0AC9009F3D97 /* URLImage.swift in Sources */,
				751C9B282437CAC7001CDE2F /* Result+decoded.swift in Sources */,
				758784402448CBF500E4D8AB /* UIColor+Extensions.swift in Sources */,
				75C20310244790F100DF905A /* DrinkDetail.swift in Sources */,
				75267F5D243BBB1100636D7B /* Sidebar.swift in Sources */,
				751C9B242437CAC7001CDE2F /* ApiError.swift in Sources */,
				75CBB72024351FB500CD6593 /* Drink.swift in Sources */,
				752318A5243CF46700BE3484 /* FavoritesPage.swift in Sources */,
				75BAA0892448DA59006E7908 /* IngredientListViewModel.swift in Sources */,
				751C9B262437CAC7001CDE2F /* TargeType+default.swift in Sources */,
				75BA3DA024494185009339BB /* Activity Indicator.swift in Sources */,
				751C9B2B2437CAC7001CDE2F /* JSONEncoder+Extensions.swift in Sources */,
				751C9B252437CAC7001CDE2F /* Service.swift in Sources */,
				75C2030E244790F100DF905A /* DrinkListViewModel.swift in Sources */,
				751C9B232437CAC7001CDE2F /* Api.swift in Sources */,
				75A398242444D9A70073C40E /* HomeViewModel.swift in Sources */,
				752318A9243CF4A500BE3484 /* DrinksPage.swift in Sources */,
				75C20316244791E700DF905A /* UIImage+Extensions.swift in Sources */,
				751C9B302437CCEB001CDE2F /* DateFormatter+Extensions.swift in Sources */,
				1968DF4724493BE500C62738 /* DrinksFromIngredient.swift in Sources */,
				1968DF4924493BF400C62738 /* DrinksFromIngredientViewModel.swift in Sources */,
				75A3981F2444D7E00073C40E /* Category.swift in Sources */,
				75F4F9DF2447A10E009E8766 /* CollecTionViewViewModel.swift in Sources */,
			);
			runOnlyForDeploymentPostprocessing = 0;
		};
/* End PBXSourcesBuildPhase section */

/* Begin PBXVariantGroup section */
		04DEE2342450CE2B005F088B /* Localizable.strings */ = {
			isa = PBXVariantGroup;
			children = (
				04DEE2332450CE2B005F088B /* en */,
				04DEE2352450CE32005F088B /* pt-BR */,
			);
			name = Localizable.strings;
			sourceTree = "<group>";
		};
		75CBB71524351E1C00CD6593 /* LaunchScreen.storyboard */ = {
			isa = PBXVariantGroup;
			children = (
				75CBB71624351E1C00CD6593 /* Base */,
				04DEE2312450CDCD005F088B /* pt-BR */,
			);
			name = LaunchScreen.storyboard;
			sourceTree = "<group>";
		};
/* End PBXVariantGroup section */

/* Begin XCBuildConfiguration section */
		75CBB71924351E1C00CD6593 /* Debug */ = {
			isa = XCBuildConfiguration;
			buildSettings = {
				ALWAYS_SEARCH_USER_PATHS = NO;
				CLANG_ANALYZER_LOCALIZABILITY_NONLOCALIZED = YES;
				CLANG_ANALYZER_NONNULL = YES;
				CLANG_ANALYZER_NUMBER_OBJECT_CONVERSION = YES_AGGRESSIVE;
				CLANG_CXX_LANGUAGE_STANDARD = "gnu++14";
				CLANG_CXX_LIBRARY = "libc++";
				CLANG_ENABLE_MODULES = YES;
				CLANG_ENABLE_OBJC_ARC = YES;
				CLANG_ENABLE_OBJC_WEAK = YES;
				CLANG_WARN_BLOCK_CAPTURE_AUTORELEASING = YES;
				CLANG_WARN_BOOL_CONVERSION = YES;
				CLANG_WARN_COMMA = YES;
				CLANG_WARN_CONSTANT_CONVERSION = YES;
				CLANG_WARN_DEPRECATED_OBJC_IMPLEMENTATIONS = YES;
				CLANG_WARN_DIRECT_OBJC_ISA_USAGE = YES_ERROR;
				CLANG_WARN_DOCUMENTATION_COMMENTS = YES;
				CLANG_WARN_EMPTY_BODY = YES;
				CLANG_WARN_ENUM_CONVERSION = YES;
				CLANG_WARN_INFINITE_RECURSION = YES;
				CLANG_WARN_INT_CONVERSION = YES;
				CLANG_WARN_NON_LITERAL_NULL_CONVERSION = YES;
				CLANG_WARN_OBJC_IMPLICIT_RETAIN_SELF = YES;
				CLANG_WARN_OBJC_LITERAL_CONVERSION = YES;
				CLANG_WARN_OBJC_ROOT_CLASS = YES_ERROR;
				CLANG_WARN_RANGE_LOOP_ANALYSIS = YES;
				CLANG_WARN_STRICT_PROTOTYPES = YES;
				CLANG_WARN_SUSPICIOUS_MOVE = YES;
				CLANG_WARN_UNGUARDED_AVAILABILITY = YES_AGGRESSIVE;
				CLANG_WARN_UNREACHABLE_CODE = YES;
				CLANG_WARN__DUPLICATE_METHOD_MATCH = YES;
				COPY_PHASE_STRIP = NO;
				DEBUG_INFORMATION_FORMAT = dwarf;
				ENABLE_STRICT_OBJC_MSGSEND = YES;
				ENABLE_TESTABILITY = YES;
				GCC_C_LANGUAGE_STANDARD = gnu11;
				GCC_DYNAMIC_NO_PIC = NO;
				GCC_NO_COMMON_BLOCKS = YES;
				GCC_OPTIMIZATION_LEVEL = 0;
				GCC_PREPROCESSOR_DEFINITIONS = (
					"DEBUG=1",
					"$(inherited)",
				);
				GCC_WARN_64_TO_32_BIT_CONVERSION = YES;
				GCC_WARN_ABOUT_RETURN_TYPE = YES_ERROR;
				GCC_WARN_UNDECLARED_SELECTOR = YES;
				GCC_WARN_UNINITIALIZED_AUTOS = YES_AGGRESSIVE;
				GCC_WARN_UNUSED_FUNCTION = YES;
				GCC_WARN_UNUSED_VARIABLE = YES;
				IPHONEOS_DEPLOYMENT_TARGET = 13.2;
				MTL_ENABLE_DEBUG_INFO = INCLUDE_SOURCE;
				MTL_FAST_MATH = YES;
				ONLY_ACTIVE_ARCH = YES;
				SDKROOT = iphoneos;
				SWIFT_ACTIVE_COMPILATION_CONDITIONS = DEBUG;
				SWIFT_OPTIMIZATION_LEVEL = "-Onone";
			};
			name = Debug;
		};
		75CBB71A24351E1C00CD6593 /* Release */ = {
			isa = XCBuildConfiguration;
			buildSettings = {
				ALWAYS_SEARCH_USER_PATHS = NO;
				CLANG_ANALYZER_LOCALIZABILITY_NONLOCALIZED = YES;
				CLANG_ANALYZER_NONNULL = YES;
				CLANG_ANALYZER_NUMBER_OBJECT_CONVERSION = YES_AGGRESSIVE;
				CLANG_CXX_LANGUAGE_STANDARD = "gnu++14";
				CLANG_CXX_LIBRARY = "libc++";
				CLANG_ENABLE_MODULES = YES;
				CLANG_ENABLE_OBJC_ARC = YES;
				CLANG_ENABLE_OBJC_WEAK = YES;
				CLANG_WARN_BLOCK_CAPTURE_AUTORELEASING = YES;
				CLANG_WARN_BOOL_CONVERSION = YES;
				CLANG_WARN_COMMA = YES;
				CLANG_WARN_CONSTANT_CONVERSION = YES;
				CLANG_WARN_DEPRECATED_OBJC_IMPLEMENTATIONS = YES;
				CLANG_WARN_DIRECT_OBJC_ISA_USAGE = YES_ERROR;
				CLANG_WARN_DOCUMENTATION_COMMENTS = YES;
				CLANG_WARN_EMPTY_BODY = YES;
				CLANG_WARN_ENUM_CONVERSION = YES;
				CLANG_WARN_INFINITE_RECURSION = YES;
				CLANG_WARN_INT_CONVERSION = YES;
				CLANG_WARN_NON_LITERAL_NULL_CONVERSION = YES;
				CLANG_WARN_OBJC_IMPLICIT_RETAIN_SELF = YES;
				CLANG_WARN_OBJC_LITERAL_CONVERSION = YES;
				CLANG_WARN_OBJC_ROOT_CLASS = YES_ERROR;
				CLANG_WARN_RANGE_LOOP_ANALYSIS = YES;
				CLANG_WARN_STRICT_PROTOTYPES = YES;
				CLANG_WARN_SUSPICIOUS_MOVE = YES;
				CLANG_WARN_UNGUARDED_AVAILABILITY = YES_AGGRESSIVE;
				CLANG_WARN_UNREACHABLE_CODE = YES;
				CLANG_WARN__DUPLICATE_METHOD_MATCH = YES;
				COPY_PHASE_STRIP = NO;
				DEBUG_INFORMATION_FORMAT = "dwarf-with-dsym";
				ENABLE_NS_ASSERTIONS = NO;
				ENABLE_STRICT_OBJC_MSGSEND = YES;
				GCC_C_LANGUAGE_STANDARD = gnu11;
				GCC_NO_COMMON_BLOCKS = YES;
				GCC_WARN_64_TO_32_BIT_CONVERSION = YES;
				GCC_WARN_ABOUT_RETURN_TYPE = YES_ERROR;
				GCC_WARN_UNDECLARED_SELECTOR = YES;
				GCC_WARN_UNINITIALIZED_AUTOS = YES_AGGRESSIVE;
				GCC_WARN_UNUSED_FUNCTION = YES;
				GCC_WARN_UNUSED_VARIABLE = YES;
				IPHONEOS_DEPLOYMENT_TARGET = 13.2;
				MTL_ENABLE_DEBUG_INFO = NO;
				MTL_FAST_MATH = YES;
				SDKROOT = iphoneos;
				SWIFT_COMPILATION_MODE = wholemodule;
				SWIFT_OPTIMIZATION_LEVEL = "-O";
				VALIDATE_PRODUCT = YES;
			};
			name = Release;
		};
		75CBB71C24351E1C00CD6593 /* Debug */ = {
			isa = XCBuildConfiguration;
			baseConfigurationReference = 4B647D4F44CEF8BDFA0C253F /* Pods-Drinks SwiftUI.debug.xcconfig */;
			buildSettings = {
				ASSETCATALOG_COMPILER_APPICON_NAME = AppIcon;
				CODE_SIGN_STYLE = Automatic;
				DEVELOPMENT_ASSET_PATHS = "\"Drinks SwiftUI/Preview Content\"";
				DEVELOPMENT_TEAM = 3XQU2ZG8S6;
				ENABLE_PREVIEWS = YES;
				INFOPLIST_FILE = "Drinks SwiftUI/Info.plist";
				LD_RUNPATH_SEARCH_PATHS = (
					"$(inherited)",
					"@executable_path/Frameworks",
				);
				PRODUCT_BUNDLE_IDENTIFIER = "com.rodrigowoulddo.Drinks-SwiftUI";
				PRODUCT_NAME = Drinkee;
				SWIFT_VERSION = 5.0;
				TARGETED_DEVICE_FAMILY = "1,2";
			};
			name = Debug;
		};
		75CBB71D24351E1C00CD6593 /* Release */ = {
			isa = XCBuildConfiguration;
			baseConfigurationReference = 8D848981986FAE9382657C66 /* Pods-Drinks SwiftUI.release.xcconfig */;
			buildSettings = {
				ASSETCATALOG_COMPILER_APPICON_NAME = AppIcon;
				CODE_SIGN_STYLE = Automatic;
				DEVELOPMENT_ASSET_PATHS = "\"Drinks SwiftUI/Preview Content\"";
				DEVELOPMENT_TEAM = 3XQU2ZG8S6;
				ENABLE_PREVIEWS = YES;
				INFOPLIST_FILE = "Drinks SwiftUI/Info.plist";
				LD_RUNPATH_SEARCH_PATHS = (
					"$(inherited)",
					"@executable_path/Frameworks",
				);
				PRODUCT_BUNDLE_IDENTIFIER = "com.rodrigowoulddo.Drinks-SwiftUI";
				PRODUCT_NAME = Drinkee;
				SWIFT_VERSION = 5.0;
				TARGETED_DEVICE_FAMILY = "1,2";
			};
			name = Release;
		};
/* End XCBuildConfiguration section */

/* Begin XCConfigurationList section */
		75CBB70224351E1800CD6593 /* Build configuration list for PBXProject "Drinks SwiftUI" */ = {
			isa = XCConfigurationList;
			buildConfigurations = (
				75CBB71924351E1C00CD6593 /* Debug */,
				75CBB71A24351E1C00CD6593 /* Release */,
			);
			defaultConfigurationIsVisible = 0;
			defaultConfigurationName = Release;
		};
		75CBB71B24351E1C00CD6593 /* Build configuration list for PBXNativeTarget "Drinks SwiftUI" */ = {
			isa = XCConfigurationList;
			buildConfigurations = (
				75CBB71C24351E1C00CD6593 /* Debug */,
				75CBB71D24351E1C00CD6593 /* Release */,
			);
			defaultConfigurationIsVisible = 0;
			defaultConfigurationName = Release;
		};
/* End XCConfigurationList section */
	};
	rootObject = 75CBB6FF24351E1800CD6593 /* Project object */;
}
